
Microsoft Visual Studio Solution File, Format Version 12.00
# Visual Studio 15
VisualStudioVersion = 15.0.26430.13
MinimumVisualStudioVersion = 10.0.40219.1
Project("{FAE04EC0-301F-11D3-BF4B-00C04F79EFBC}") = "Machining", "Machining\Machining.csproj", "{4557AADA-12ED-44C6-BA95-0A2606E9C4F9}"
EndProject
Project("{FAE04EC0-301F-11D3-BF4B-00C04F79EFBC}") = "Assemble", "Assemble\Assemble.csproj", "{26D03245-9082-4764-AA56-CBB60EC30EEC}"
EndProject
Global
	GlobalSection(SolutionConfigurationPlatforms) = preSolution
		Debug|Any CPU = Debug|Any CPU
		Release|Any CPU = Release|Any CPU
	EndGlobalSection
	GlobalSection(ProjectConfigurationPlatforms) = postSolution
		{4557AADA-12ED-44C6-BA95-0A2606E9C4F9}.Debug|Any CPU.ActiveCfg = Debug|Any CPU
		{4557AADA-12ED-44C6-BA95-0A2606E9C4F9}.Debug|Any CPU.Build.0 = Debug|Any CPU
		{4557AADA-12ED-44C6-BA95-0A2606E9C4F9}.Release|Any CPU.ActiveCfg = Release|Any CPU
		{4557AADA-12ED-44C6-BA95-0A2606E9C4F9}.Release|Any CPU.Build.0 = Release|Any CPU
		{26D03245-9082-4764-AA56-CBB60EC30EEC}.Debug|Any CPU.ActiveCfg = Debug|Any CPU
		{26D03245-9082-4764-AA56-CBB60EC30EEC}.Debug|Any CPU.Build.0 = Debug|Any CPU
		{26D03245-9082-4764-AA56-CBB60EC30EEC}.Release|Any CPU.ActiveCfg = Release|Any CPU
		{26D03245-9082-4764-AA56-CBB60EC30EEC}.Release|Any CPU.Build.0 = Release|Any CPU
	EndGlobalSection
	GlobalSection(SolutionProperties) = preSolution
		HideSolutionNode = FALSE
	EndGlobalSection
EndGlobal
